
Microsoft Visual Studio Solution File, Format Version 12.00
# Visual Studio Version 16
VisualStudioVersion = 16.0.31729.503
MinimumVisualStudioVersion = 10.0.40219.1
Project("{9A19103F-16F7-4668-BE54-9A1E7A4F7556}") = "DuckDefense", "DuckDefense\DuckDefense.csproj", "{59CBE31B-D341-4A51-A0F1-959E8BCFA21D}"
EndProject
Project("{2150E333-8FDC-42A3-9474-1A3956D46DE8}") = "Solution Items", "Solution Items", "{25219F97-167B-4E36-96CA-B1EE63D5732F}"
	ProjectSection(SolutionItems) = preProject
		.editorconfig = .editorconfig
	EndProjectSection
EndProject
Global
	GlobalSection(SolutionConfigurationPlatforms) = preSolution
		Debug|Any CPU = Debug|Any CPU
		Release|Any CPU = Release|Any CPU
	EndGlobalSection
	GlobalSection(ProjectConfigurationPlatforms) = postSolution
		{59CBE31B-D341-4A51-A0F1-959E8BCFA21D}.Debug|Any CPU.ActiveCfg = Debug|Any CPU
		{59CBE31B-D341-4A51-A0F1-959E8BCFA21D}.Debug|Any CPU.Build.0 = Debug|Any CPU
		{59CBE31B-D341-4A51-A0F1-959E8BCFA21D}.Release|Any CPU.ActiveCfg = Release|Any CPU
		{59CBE31B-D341-4A51-A0F1-959E8BCFA21D}.Release|Any CPU.Build.0 = Release|Any CPU
	EndGlobalSection
	GlobalSection(SolutionProperties) = preSolution
		HideSolutionNode = FALSE
	EndGlobalSection
	GlobalSection(ExtensibilityGlobals) = postSolution
		SolutionGuid = {1B38472A-78A8-43DE-BC27-806A3CC4DF57}
	EndGlobalSection
EndGlobal
